
Microsoft Visual Studio Solution File, Format Version 12.00
# Visual Studio Version 17
VisualStudioVersion = 17.0.31903.59
MinimumVisualStudioVersion = 10.0.40219.1
Project("{F184B08F-C81C-45F6-A57F-5ABD9991F28F}") = "VBNetFunctions", "VBNetFunctions\VBNetFunctions.vbproj", "{8EB540E5-A6EA-4165-8AF8-E780F72DA0AF}"
EndProject
Project("{F184B08F-C81C-45F6-A57F-5ABD9991F28F}") = "VBNetFunctions.Tests", "VBNetFunctions.Tests\VBNetFunctions.Tests.vbproj", "{5CB708CB-4BA7-4959-A1DA-14C5CD27C62E}"
EndProject
Project("{FAE04EC0-301F-11D3-BF4B-00C04F79EFBC}") = "VBNetFunctionsAPI", "VBNetFunctionsAPI\VBNetFunctionsAPI.csproj", "{41C19A27-E1D8-4B63-AE0A-F3E96F293686}"
EndProject
Global
	GlobalSection(SolutionConfigurationPlatforms) = preSolution
		Debug|Any CPU = Debug|Any CPU
		Release|Any CPU = Release|Any CPU
	EndGlobalSection
	GlobalSection(SolutionProperties) = preSolution
		HideSolutionNode = FALSE
	EndGlobalSection
	GlobalSection(ProjectConfigurationPlatforms) = postSolution
		{8EB540E5-A6EA-4165-8AF8-E780F72DA0AF}.Debug|Any CPU.ActiveCfg = Debug|Any CPU
		{8EB540E5-A6EA-4165-8AF8-E780F72DA0AF}.Debug|Any CPU.Build.0 = Debug|Any CPU
		{8EB540E5-A6EA-4165-8AF8-E780F72DA0AF}.Release|Any CPU.ActiveCfg = Release|Any CPU
		{8EB540E5-A6EA-4165-8AF8-E780F72DA0AF}.Release|Any CPU.Build.0 = Release|Any CPU
		{5CB708CB-4BA7-4959-A1DA-14C5CD27C62E}.Debug|Any CPU.ActiveCfg = Debug|Any CPU
		{5CB708CB-4BA7-4959-A1DA-14C5CD27C62E}.Debug|Any CPU.Build.0 = Debug|Any CPU
		{5CB708CB-4BA7-4959-A1DA-14C5CD27C62E}.Release|Any CPU.ActiveCfg = Release|Any CPU
		{5CB708CB-4BA7-4959-A1DA-14C5CD27C62E}.Release|Any CPU.Build.0 = Release|Any CPU
		{41C19A27-E1D8-4B63-AE0A-F3E96F293686}.Debug|Any CPU.ActiveCfg = Debug|Any CPU
		{41C19A27-E1D8-4B63-AE0A-F3E96F293686}.Debug|Any CPU.Build.0 = Debug|Any CPU
		{41C19A27-E1D8-4B63-AE0A-F3E96F293686}.Release|Any CPU.ActiveCfg = Release|Any CPU
		{41C19A27-E1D8-4B63-AE0A-F3E96F293686}.Release|Any CPU.Build.0 = Release|Any CPU
	EndGlobalSection
EndGlobal
